github.com/ukibbb/HighPerformanceP2p v1.0.1 h1:EEhDndcehIfqsI4+xOuds71HCLH8BT89MrDxuUyP0bE=
github.com/ukibbb/HighPerformanceP2p v1.0.1/go.mod h1:+n7MT37E+Wu6nbvv/nBv2PJvm3MkyePu7AXkYOSNIpM=
github.com/ukibbb/HighPerformanceP2p v1.0.2 h1:r/iW7iA7aREgByoDt1rV4KJo3CzeRAuP5M+Q+V3rsJA=
github.com/ukibbb/HighPerformanceP2p v1.0.2/go.mod h1:+n7MT37E+Wu6nbvv/nBv2PJvm3MkyePu7AXkYOSNIpM=
